{
  "object": {
    "pins": [
      {
        "package": "PhoneNumberKit",
        "repositoryURL": "https://github.com/marmelroy/PhoneNumberKit",
        "state": {
          "branch": null,
          "revision": "cf6e49fe76a8577763be1c321f6a24efe30bfd2b",
          "version": "3.5.5"
        }
      }
    ]
  },
  "version": 1
}
